
Microsoft Visual Studio Solution File, Format Version 12.00
# Visual Studio 15
VisualStudioVersion = 15.0.26430.16
MinimumVisualStudioVersion = 10.0.40219.1
Project("{FAE04EC0-301F-11D3-BF4B-00C04F79EFBC}") = "WebSite", "WebSite\WebSite.csproj", "{AE2AA196-5CAE-4DA7-ABEC-0A2060459FF6}"
EndProject
Project("{FAE04EC0-301F-11D3-BF4B-00C04F79EFBC}") = "com.seascape.netseller.model", "..\com.seascape.netseller.model\com.seascape.netseller.model.csproj", "{F0995FB9-A370-475A-BB52-2A3A1B354340}"
EndProject
Project("{FAE04EC0-301F-11D3-BF4B-00C04F79EFBC}") = "com.seascape.netseller.db", "com.seascape.netseller.db\com.seascape.netseller.db.csproj", "{C145387E-7080-451E-B1F1-61EFF5924F24}"
EndProject
Project("{FAE04EC0-301F-11D3-BF4B-00C04F79EFBC}") = "com.seascape.wxapi", "com.seascape.wxapi\com.seascape.wxapi.csproj", "{CB3BE48F-3D52-437F-A785-74AF5F5D52BB}"
EndProject
Global
	GlobalSection(SolutionConfigurationPlatforms) = preSolution
		Debug|Any CPU = Debug|Any CPU
		Debug|ARM = Debug|ARM
		Debug|x64 = Debug|x64
		Debug|x86 = Debug|x86
		Release|Any CPU = Release|Any CPU
		Release|ARM = Release|ARM
		Release|x64 = Release|x64
		Release|x86 = Release|x86
	EndGlobalSection
	GlobalSection(ProjectConfigurationPlatforms) = postSolution
		{AE2AA196-5CAE-4DA7-ABEC-0A2060459FF6}.Debug|Any CPU.ActiveCfg = Debug|Any CPU
		{AE2AA196-5CAE-4DA7-ABEC-0A2060459FF6}.Debug|Any CPU.Build.0 = Debug|Any CPU
		{AE2AA196-5CAE-4DA7-ABEC-0A2060459FF6}.Debug|ARM.ActiveCfg = Debug|Any CPU
		{AE2AA196-5CAE-4DA7-ABEC-0A2060459FF6}.Debug|ARM.Build.0 = Debug|Any CPU
		{AE2AA196-5CAE-4DA7-ABEC-0A2060459FF6}.Debug|x64.ActiveCfg = Debug|Any CPU
		{AE2AA196-5CAE-4DA7-ABEC-0A2060459FF6}.Debug|x64.Build.0 = Debug|Any CPU
		{AE2AA196-5CAE-4DA7-ABEC-0A2060459FF6}.Debug|x86.ActiveCfg = Debug|Any CPU
		{AE2AA196-5CAE-4DA7-ABEC-0A2060459FF6}.Debug|x86.Build.0 = Debug|Any CPU
		{AE2AA196-5CAE-4DA7-ABEC-0A2060459FF6}.Release|Any CPU.ActiveCfg = Release|Any CPU
		{AE2AA196-5CAE-4DA7-ABEC-0A2060459FF6}.Release|Any CPU.Build.0 = Release|Any CPU
		{AE2AA196-5CAE-4DA7-ABEC-0A2060459FF6}.Release|ARM.ActiveCfg = Release|Any CPU
		{AE2AA196-5CAE-4DA7-ABEC-0A2060459FF6}.Release|ARM.Build.0 = Release|Any CPU
		{AE2AA196-5CAE-4DA7-ABEC-0A2060459FF6}.Release|x64.ActiveCfg = Release|Any CPU
		{AE2AA196-5CAE-4DA7-ABEC-0A2060459FF6}.Release|x64.Build.0 = Release|Any CPU
		{AE2AA196-5CAE-4DA7-ABEC-0A2060459FF6}.Release|x86.ActiveCfg = Release|Any CPU
		{AE2AA196-5CAE-4DA7-ABEC-0A2060459FF6}.Release|x86.Build.0 = Release|Any CPU
		{F0995FB9-A370-475A-BB52-2A3A1B354340}.Debug|Any CPU.ActiveCfg = Debug|Any CPU
		{F0995FB9-A370-475A-BB52-2A3A1B354340}.Debug|Any CPU.Build.0 = Debug|Any CPU
		{F0995FB9-A370-475A-BB52-2A3A1B354340}.Debug|ARM.ActiveCfg = Debug|Any CPU
		{F0995FB9-A370-475A-BB52-2A3A1B354340}.Debug|ARM.Build.0 = Debug|Any CPU
		{F0995FB9-A370-475A-BB52-2A3A1B354340}.Debug|x64.ActiveCfg = Debug|Any CPU
		{F0995FB9-A370-475A-BB52-2A3A1B354340}.Debug|x64.Build.0 = Debug|Any CPU
		{F0995FB9-A370-475A-BB52-2A3A1B354340}.Debug|x86.ActiveCfg = Debug|Any CPU
		{F0995FB9-A370-475A-BB52-2A3A1B354340}.Debug|x86.Build.0 = Debug|Any CPU
		{F0995FB9-A370-475A-BB52-2A3A1B354340}.Release|Any CPU.ActiveCfg = Release|Any CPU
		{F0995FB9-A370-475A-BB52-2A3A1B354340}.Release|Any CPU.Build.0 = Release|Any CPU
		{F0995FB9-A370-475A-BB52-2A3A1B354340}.Release|ARM.ActiveCfg = Release|Any CPU
		{F0995FB9-A370-475A-BB52-2A3A1B354340}.Release|ARM.Build.0 = Release|Any CPU
		{F0995FB9-A370-475A-BB52-2A3A1B354340}.Release|x64.ActiveCfg = Release|Any CPU
		{F0995FB9-A370-475A-BB52-2A3A1B354340}.Release|x64.Build.0 = Release|Any CPU
		{F0995FB9-A370-475A-BB52-2A3A1B354340}.Release|x86.ActiveCfg = Release|Any CPU
		{F0995FB9-A370-475A-BB52-2A3A1B354340}.Release|x86.Build.0 = Release|Any CPU
		{C145387E-7080-451E-B1F1-61EFF5924F24}.Debug|Any CPU.ActiveCfg = Debug|Any CPU
		{C145387E-7080-451E-B1F1-61EFF5924F24}.Debug|Any CPU.Build.0 = Debug|Any CPU
		{C145387E-7080-451E-B1F1-61EFF5924F24}.Debug|ARM.ActiveCfg = Debug|Any CPU
		{C145387E-7080-451E-B1F1-61EFF5924F24}.Debug|ARM.Build.0 = Debug|Any CPU
		{C145387E-7080-451E-B1F1-61EFF5924F24}.Debug|x64.ActiveCfg = Debug|Any CPU
		{C145387E-7080-451E-B1F1-61EFF5924F24}.Debug|x64.Build.0 = Debug|Any CPU
		{C145387E-7080-451E-B1F1-61EFF5924F24}.Debug|x86.ActiveCfg = Debug|Any CPU
		{C145387E-7080-451E-B1F1-61EFF5924F24}.Debug|x86.Build.0 = Debug|Any CPU
		{C145387E-7080-451E-B1F1-61EFF5924F24}.Release|Any CPU.ActiveCfg = Release|Any CPU
		{C145387E-7080-451E-B1F1-61EFF5924F24}.Release|Any CPU.Build.0 = Release|Any CPU
		{C145387E-7080-451E-B1F1-61EFF5924F24}.Release|ARM.ActiveCfg = Release|Any CPU
		{C145387E-7080-451E-B1F1-61EFF5924F24}.Release|ARM.Build.0 = Release|Any CPU
		{C145387E-7080-451E-B1F1-61EFF5924F24}.Release|x64.ActiveCfg = Release|Any CPU
		{C145387E-7080-451E-B1F1-61EFF5924F24}.Release|x64.Build.0 = Release|Any CPU
		{C145387E-7080-451E-B1F1-61EFF5924F24}.Release|x86.ActiveCfg = Release|Any CPU
		{C145387E-7080-451E-B1F1-61EFF5924F24}.Release|x86.Build.0 = Release|Any CPU
		{CB3BE48F-3D52-437F-A785-74AF5F5D52BB}.Debug|Any CPU.ActiveCfg = Debug|Any CPU
		{CB3BE48F-3D52-437F-A785-74AF5F5D52BB}.Debug|Any CPU.Build.0 = Debug|Any CPU
		{CB3BE48F-3D52-437F-A785-74AF5F5D52BB}.Debug|ARM.ActiveCfg = Debug|Any CPU
		{CB3BE48F-3D52-437F-A785-74AF5F5D52BB}.Debug|ARM.Build.0 = Debug|Any CPU
		{CB3BE48F-3D52-437F-A785-74AF5F5D52BB}.Debug|x64.ActiveCfg = Debug|Any CPU
		{CB3BE48F-3D52-437F-A785-74AF5F5D52BB}.Debug|x64.Build.0 = Debug|Any CPU
		{CB3BE48F-3D52-437F-A785-74AF5F5D52BB}.Debug|x86.ActiveCfg = Debug|Any CPU
		{CB3BE48F-3D52-437F-A785-74AF5F5D52BB}.Debug|x86.Build.0 = Debug|Any CPU
		{CB3BE48F-3D52-437F-A785-74AF5F5D52BB}.Release|Any CPU.ActiveCfg = Release|Any CPU
		{CB3BE48F-3D52-437F-A785-74AF5F5D52BB}.Release|Any CPU.Build.0 = Release|Any CPU
		{CB3BE48F-3D52-437F-A785-74AF5F5D52BB}.Release|ARM.ActiveCfg = Release|Any CPU
		{CB3BE48F-3D52-437F-A785-74AF5F5D52BB}.Release|ARM.Build.0 = Release|Any CPU
		{CB3BE48F-3D52-437F-A785-74AF5F5D52BB}.Release|x64.ActiveCfg = Release|Any CPU
		{CB3BE48F-3D52-437F-A785-74AF5F5D52BB}.Release|x64.Build.0 = Release|Any CPU
		{CB3BE48F-3D52-437F-A785-74AF5F5D52BB}.Release|x86.ActiveCfg = Release|Any CPU
		{CB3BE48F-3D52-437F-A785-74AF5F5D52BB}.Release|x86.Build.0 = Release|Any CPU
	EndGlobalSection
	GlobalSection(SolutionProperties) = preSolution
		HideSolutionNode = FALSE
	EndGlobalSection
EndGlobal
