
Microsoft Visual Studio Solution File, Format Version 12.00
# Visual Studio 15
VisualStudioVersion = 15.0.26730.16
MinimumVisualStudioVersion = 10.0.40219.1
Project("{2150E333-8FDC-42A3-9474-1A3956D46DE8}") = "Lib", "Lib", "{0765CD18-D17D-4949-B740-ED28C1E6F25C}"
	ProjectSection(SolutionItems) = preProject
		..\Lib\com.seascape.db.dll = ..\Lib\com.seascape.db.dll
		..\Lib\com.seascape.tools.dll = ..\Lib\com.seascape.tools.dll
		..\Lib\LitJSON.dll = ..\Lib\LitJSON.dll
		..\Lib\log4net.dll = ..\Lib\log4net.dll
		..\Lib\MySql.Data.dll = ..\Lib\MySql.Data.dll
	EndProjectSection
EndProject
Project("{E24C65DC-7377-472B-9ABA-BC803B73C61A}") = "WebSite(1)", ".", "{E80A1BB1-C0D4-4178-AC3D-A5964DF29A52}"
	ProjectSection(WebsiteProperties) = preProject
		TargetFrameworkMoniker = ".NETFramework,Version%3Dv4.0"
		ProjectReferences = "{9659c956-327f-4234-983b-e15a9bc0ccac}|Seascape.Data.dll;{b4606c85-f152-4236-9bd7-b80c0dd6f9a9}|Seascape.Model.dll;"
		Debug.AspNetCompiler.VirtualPath = "/localhost_56269"
		Debug.AspNetCompiler.PhysicalPath = "..\WebSite\"
		Debug.AspNetCompiler.TargetPath = "PrecompiledWeb\localhost_56269\"
		Debug.AspNetCompiler.Updateable = "true"
		Debug.AspNetCompiler.ForceOverwrite = "true"
		Debug.AspNetCompiler.FixedNames = "false"
		Debug.AspNetCompiler.Debug = "True"
		Release.AspNetCompiler.VirtualPath = "/localhost_56269"
		Release.AspNetCompiler.PhysicalPath = "..\WebSite\"
		Release.AspNetCompiler.TargetPath = "PrecompiledWeb\localhost_56269\"
		Release.AspNetCompiler.Updateable = "true"
		Release.AspNetCompiler.ForceOverwrite = "true"
		Release.AspNetCompiler.FixedNames = "false"
		Release.AspNetCompiler.Debug = "False"
		VWDPort = "56269"
		SlnRelativePath = "..\WebSite\"
	EndProjectSection
EndProject
Project("{2150E333-8FDC-42A3-9474-1A3956D46DE8}") = "资料", "资料", "{8AC8355C-D9DC-4D97-818D-C4855CE8B002}"
	ProjectSection(SolutionItems) = preProject
		..\资料\前台功能列表.mmap = ..\资料\前台功能列表.mmap
		..\资料\功能列表.doc = ..\资料\功能列表.doc
		..\资料\后台功能列表.mmap = ..\资料\后台功能列表.mmap
	EndProjectSection
EndProject
Project("{FAE04EC0-301F-11D3-BF4B-00C04F79EFBC}") = "Seascape.Data", "..\DataModel\Seascape.Data.csproj", "{9659C956-327F-4234-983B-E15A9BC0CCAC}"
EndProject
Project("{FAE04EC0-301F-11D3-BF4B-00C04F79EFBC}") = "Seascape.Model", "..\Seascape.Model\Seascape.Model.csproj", "{B4606C85-F152-4236-9BD7-B80C0DD6F9A9}"
EndProject
Global
	GlobalSection(SolutionConfigurationPlatforms) = preSolution
		Debug|Any CPU = Debug|Any CPU
		Debug|ARM = Debug|ARM
		Debug|x64 = Debug|x64
		Debug|x86 = Debug|x86
		Release|Any CPU = Release|Any CPU
		Release|ARM = Release|ARM
		Release|x64 = Release|x64
		Release|x86 = Release|x86
	EndGlobalSection
	GlobalSection(ProjectConfigurationPlatforms) = postSolution
		{E80A1BB1-C0D4-4178-AC3D-A5964DF29A52}.Debug|Any CPU.ActiveCfg = Debug|Any CPU
		{E80A1BB1-C0D4-4178-AC3D-A5964DF29A52}.Debug|Any CPU.Build.0 = Debug|Any CPU
		{E80A1BB1-C0D4-4178-AC3D-A5964DF29A52}.Debug|ARM.ActiveCfg = Debug|Any CPU
		{E80A1BB1-C0D4-4178-AC3D-A5964DF29A52}.Debug|ARM.Build.0 = Debug|Any CPU
		{E80A1BB1-C0D4-4178-AC3D-A5964DF29A52}.Debug|x64.ActiveCfg = Debug|Any CPU
		{E80A1BB1-C0D4-4178-AC3D-A5964DF29A52}.Debug|x64.Build.0 = Debug|Any CPU
		{E80A1BB1-C0D4-4178-AC3D-A5964DF29A52}.Debug|x86.ActiveCfg = Debug|Any CPU
		{E80A1BB1-C0D4-4178-AC3D-A5964DF29A52}.Debug|x86.Build.0 = Debug|Any CPU
		{E80A1BB1-C0D4-4178-AC3D-A5964DF29A52}.Release|Any CPU.ActiveCfg = Debug|Any CPU
		{E80A1BB1-C0D4-4178-AC3D-A5964DF29A52}.Release|Any CPU.Build.0 = Debug|Any CPU
		{E80A1BB1-C0D4-4178-AC3D-A5964DF29A52}.Release|ARM.ActiveCfg = Debug|Any CPU
		{E80A1BB1-C0D4-4178-AC3D-A5964DF29A52}.Release|ARM.Build.0 = Debug|Any CPU
		{E80A1BB1-C0D4-4178-AC3D-A5964DF29A52}.Release|x64.ActiveCfg = Debug|Any CPU
		{E80A1BB1-C0D4-4178-AC3D-A5964DF29A52}.Release|x64.Build.0 = Debug|Any CPU
		{E80A1BB1-C0D4-4178-AC3D-A5964DF29A52}.Release|x86.ActiveCfg = Debug|Any CPU
		{E80A1BB1-C0D4-4178-AC3D-A5964DF29A52}.Release|x86.Build.0 = Debug|Any CPU
		{9659C956-327F-4234-983B-E15A9BC0CCAC}.Debug|Any CPU.ActiveCfg = Debug|Any CPU
		{9659C956-327F-4234-983B-E15A9BC0CCAC}.Debug|Any CPU.Build.0 = Debug|Any CPU
		{9659C956-327F-4234-983B-E15A9BC0CCAC}.Debug|ARM.ActiveCfg = Debug|Any CPU
		{9659C956-327F-4234-983B-E15A9BC0CCAC}.Debug|ARM.Build.0 = Debug|Any CPU
		{9659C956-327F-4234-983B-E15A9BC0CCAC}.Debug|x64.ActiveCfg = Debug|Any CPU
		{9659C956-327F-4234-983B-E15A9BC0CCAC}.Debug|x64.Build.0 = Debug|Any CPU
		{9659C956-327F-4234-983B-E15A9BC0CCAC}.Debug|x86.ActiveCfg = Debug|Any CPU
		{9659C956-327F-4234-983B-E15A9BC0CCAC}.Debug|x86.Build.0 = Debug|Any CPU
		{9659C956-327F-4234-983B-E15A9BC0CCAC}.Release|Any CPU.ActiveCfg = Release|Any CPU
		{9659C956-327F-4234-983B-E15A9BC0CCAC}.Release|Any CPU.Build.0 = Release|Any CPU
		{9659C956-327F-4234-983B-E15A9BC0CCAC}.Release|ARM.ActiveCfg = Release|Any CPU
		{9659C956-327F-4234-983B-E15A9BC0CCAC}.Release|ARM.Build.0 = Release|Any CPU
		{9659C956-327F-4234-983B-E15A9BC0CCAC}.Release|x64.ActiveCfg = Release|Any CPU
		{9659C956-327F-4234-983B-E15A9BC0CCAC}.Release|x64.Build.0 = Release|Any CPU
		{9659C956-327F-4234-983B-E15A9BC0CCAC}.Release|x86.ActiveCfg = Release|Any CPU
		{9659C956-327F-4234-983B-E15A9BC0CCAC}.Release|x86.Build.0 = Release|Any CPU
		{B4606C85-F152-4236-9BD7-B80C0DD6F9A9}.Debug|Any CPU.ActiveCfg = Debug|Any CPU
		{B4606C85-F152-4236-9BD7-B80C0DD6F9A9}.Debug|Any CPU.Build.0 = Debug|Any CPU
		{B4606C85-F152-4236-9BD7-B80C0DD6F9A9}.Debug|ARM.ActiveCfg = Debug|Any CPU
		{B4606C85-F152-4236-9BD7-B80C0DD6F9A9}.Debug|ARM.Build.0 = Debug|Any CPU
		{B4606C85-F152-4236-9BD7-B80C0DD6F9A9}.Debug|x64.ActiveCfg = Debug|Any CPU
		{B4606C85-F152-4236-9BD7-B80C0DD6F9A9}.Debug|x64.Build.0 = Debug|Any CPU
		{B4606C85-F152-4236-9BD7-B80C0DD6F9A9}.Debug|x86.ActiveCfg = Debug|Any CPU
		{B4606C85-F152-4236-9BD7-B80C0DD6F9A9}.Debug|x86.Build.0 = Debug|Any CPU
		{B4606C85-F152-4236-9BD7-B80C0DD6F9A9}.Release|Any CPU.ActiveCfg = Release|Any CPU
		{B4606C85-F152-4236-9BD7-B80C0DD6F9A9}.Release|Any CPU.Build.0 = Release|Any CPU
		{B4606C85-F152-4236-9BD7-B80C0DD6F9A9}.Release|ARM.ActiveCfg = Release|Any CPU
		{B4606C85-F152-4236-9BD7-B80C0DD6F9A9}.Release|ARM.Build.0 = Release|Any CPU
		{B4606C85-F152-4236-9BD7-B80C0DD6F9A9}.Release|x64.ActiveCfg = Release|Any CPU
		{B4606C85-F152-4236-9BD7-B80C0DD6F9A9}.Release|x64.Build.0 = Release|Any CPU
		{B4606C85-F152-4236-9BD7-B80C0DD6F9A9}.Release|x86.ActiveCfg = Release|Any CPU
		{B4606C85-F152-4236-9BD7-B80C0DD6F9A9}.Release|x86.Build.0 = Release|Any CPU
	EndGlobalSection
	GlobalSection(SolutionProperties) = preSolution
		HideSolutionNode = FALSE
	EndGlobalSection
	GlobalSection(ExtensibilityGlobals) = postSolution
		SolutionGuid = {FAA56B24-9466-410A-A0B7-E562B2D6083A}
	EndGlobalSection
EndGlobal
